
Microsoft Visual Studio Solution File, Format Version 12.00
# Visual Studio Version 17
VisualStudioVersion = 17.10.34916.146
MinimumVisualStudioVersion = 10.0.40219.1
Project("{FAE04EC0-301F-11D3-BF4B-00C04F79EFBC}") = "login-register", "login-register\login-register.csproj", "{68CC311F-C0DF-4E90-BE99-1CCA0E8639F5}"
EndProject
Global
	GlobalSection(SolutionConfigurationPlatforms) = preSolution
		Debug|Any CPU = Debug|Any CPU
		Release|Any CPU = Release|Any CPU
	EndGlobalSection
	GlobalSection(ProjectConfigurationPlatforms) = postSolution
		{68CC311F-C0DF-4E90-BE99-1CCA0E8639F5}.Debug|Any CPU.ActiveCfg = Debug|Any CPU
		{68CC311F-C0DF-4E90-BE99-1CCA0E8639F5}.Debug|Any CPU.Build.0 = Debug|Any CPU
		{68CC311F-C0DF-4E90-BE99-1CCA0E8639F5}.Release|Any CPU.ActiveCfg = Release|Any CPU
		{68CC311F-C0DF-4E90-BE99-1CCA0E8639F5}.Release|Any CPU.Build.0 = Release|Any CPU
	EndGlobalSection
	GlobalSection(SolutionProperties) = preSolution
		HideSolutionNode = FALSE
	EndGlobalSection
	GlobalSection(ExtensibilityGlobals) = postSolution
		SolutionGuid = {3CDF5ED9-B035-4512-A077-F779CED80678}
	EndGlobalSection
EndGlobal
